// !$*UTF8*$!
{
	archiveVersion = 1;
	classes = {
	};
	objectVersion = 46;
	objects = {

/* Begin PBXBuildFile section */
		9B06735E1D8332F400D59004 /* AppDelegate.swift in Sources */ = {isa = PBXBuildFile; fileRef = 9B06735D1D8332F400D59004 /* AppDelegate.swift */; };
		9B0673601D8332F400D59004 /* ViewController.swift in Sources */ = {isa = PBXBuildFile; fileRef = 9B06735F1D8332F400D59004 /* ViewController.swift */; };
		9B0673631D8332F400D59004 /* Main.storyboard in Resources */ = {isa = PBXBuildFile; fileRef = 9B0673611D8332F400D59004 /* Main.storyboard */; };
		9B0673651D8332F400D59004 /* Assets.xcassets in Resources */ = {isa = PBXBuildFile; fileRef = 9B0673641D8332F400D59004 /* Assets.xcassets */; };
		9B0673681D8332F400D59004 /* LaunchScreen.storyboard in Resources */ = {isa = PBXBuildFile; fileRef = 9B0673661D8332F400D59004 /* LaunchScreen.storyboard */; };
		9B0673731D8332F400D59004 /* LoveLoveTests.swift in Sources */ = {isa = PBXBuildFile; fileRef = 9B0673721D8332F400D59004 /* LoveLoveTests.swift */; };
		9B06737E1D8332F400D59004 /* LoveLoveUITests.swift in Sources */ = {isa = PBXBuildFile; fileRef = 9B06737D1D8332F400D59004 /* LoveLoveUITests.swift */; };
/* End PBXBuildFile section */

/* Begin PBXContainerItemProxy section */
		9B06736F1D8332F400D59004 /* PBXContainerItemProxy */ = {
			isa = PBXContainerItemProxy;
			containerPortal = 9B0673521D8332F300D59004 /* Project object */;
			proxyType = 1;
			remoteGlobalIDString = 9B0673591D8332F300D59004;
			remoteInfo = LoveLove;
		};
		9B06737A1D8332F400D59004 /* PBXContainerItemProxy */ = {
			isa = PBXContainerItemProxy;
			containerPortal = 9B0673521D8332F300D59004 /* Project object */;
			proxyType = 1;
			remoteGlobalIDString = 9B0673591D8332F300D59004;
			remoteInfo = LoveLove;
		};
/* End PBXContainerItemProxy section */

/* Begin PBXFileReference section */
		9B06735A1D8332F300D59004 /* LoveLove.app */ = {isa = PBXFileReference; explicitFileType = wrapper.application; includeInIndex = 0; path = LoveLove.app; sourceTree = BUILT_PRODUCTS_DIR; };
		9B06735D1D8332F400D59004 /* AppDelegate.swift */ = {isa = PBXFileReference; lastKnownFileType = sourcecode.swift; path = AppDelegate.swift; sourceTree = "<group>"; };
		9B06735F1D8332F400D59004 /* ViewController.swift */ = {isa = PBXFileReference; lastKnownFileType = sourcecode.swift; path = ViewController.swift; sourceTree = "<group>"; };
		9B0673621D8332F400D59004 /* Base */ = {isa = PBXFileReference; lastKnownFileType = file.storyboard; name = Base; path = Base.lproj/Main.storyboard; sourceTree = "<group>"; };
		9B0673641D8332F400D59004 /* Assets.xcassets */ = {isa = PBXFileReference; lastKnownFileType = folder.assetcatalog; path = Assets.xcassets; sourceTree = "<group>"; };
		9B0673671D8332F400D59004 /* Base */ = {isa = PBXFileReference; lastKnownFileType = file.storyboard; name = Base; path = Base.lproj/LaunchScreen.storyboard; sourceTree = "<group>"; };
		9B0673691D8332F400D59004 /* Info.plist */ = {isa = PBXFileReference; lastKnownFileType = text.plist.xml; path = Info.plist; sourceTree = "<group>"; };
		9B06736E1D8332F400D59004 /* LoveLoveTests.xctest */ = {isa = PBXFileReference; explicitFileType = wrapper.cfbundle; includeInIndex = 0; path = LoveLoveTests.xctest; sourceTree = BUILT_PRODUCTS_DIR; };
		9B0673721D8332F400D59004 /* LoveLoveTests.swift */ = {isa = PBXFileReference; lastKnownFileType = sourcecode.swift; path = LoveLoveTests.swift; sourceTree = "<group>"; };
		9B0673741D8332F400D59004 /* Info.plist */ = {isa = PBXFileReference; lastKnownFileType = text.plist.xml; path = Info.plist; sourceTree = "<group>"; };
		9B0673791D8332F400D59004 /* LoveLoveUITests.xctest */ = {isa = PBXFileReference; explicitFileType = wrapper.cfbundle; includeInIndex = 0; path = LoveLoveUITests.xctest; sourceTree = BUILT_PRODUCTS_DIR; };
		9B06737D1D8332F400D59004 /* LoveLoveUITests.swift */ = {isa = PBXFileReference; lastKnownFileType = sourcecode.swift; path = LoveLoveUITests.swift; sourceTree = "<group>"; };
		9B06737F1D8332F400D59004 /* Info.plist */ = {isa = PBXFileReference; lastKnownFileType = text.plist.xml; path = Info.plist; sourceTree = "<group>"; };
/* End PBXFileReference section */

/* Begin PBXFrameworksBuildPhase section */
		9B0673571D8332F300D59004 /* Frameworks */ = {
			isa = PBXFrameworksBuildPhase;
			buildActionMask = 2147483647;
			files = (
			);
			runOnlyForDeploymentPostprocessing = 0;
		};
		9B06736B1D8332F400D59004 /* Frameworks */ = {
			isa = PBXFrameworksBuildPhase;
			buildActionMask = 2147483647;
			files = (
			);
			runOnlyForDeploymentPostprocessing = 0;
		};
		9B0673761D8332F400D59004 /* Frameworks */ = {
			isa = PBXFrameworksBuildPhase;
			buildActionMask = 2147483647;
			files = (
			);
			runOnlyForDeploymentPostprocessing = 0;
		};
/* End PBXFrameworksBuildPhase section */

/* Begin PBXGroup section */
		9B0673511D8332F300D59004 = {
			isa = PBXGroup;
			children = (
				9B06735C1D8332F300D59004 /* LoveLove */,
				9B0673711D8332F400D59004 /* LoveLoveTests */,
				9B06737C1D8332F400D59004 /* LoveLoveUITests */,
				9B06735B1D8332F300D59004 /* Products */,
			);
			sourceTree = "<group>";
		};
		9B06735B1D8332F300D59004 /* Products */ = {
			isa = PBXGroup;
			children = (
				9B06735A1D8332F300D59004 /* LoveLove.app */,
				9B06736E1D8332F400D59004 /* LoveLoveTests.xctest */,
				9B0673791D8332F400D59004 /* LoveLoveUITests.xctest */,
			);
			name = Products;
			sourceTree = "<group>";
		};
		9B06735C1D8332F300D59004 /* LoveLove */ = {
			isa = PBXGroup;
			children = (
				9B06735D1D8332F400D59004 /* AppDelegate.swift */,
				9B06735F1D8332F400D59004 /* ViewController.swift */,
				9B0673611D8332F400D59004 /* Main.storyboard */,
				9B0673641D8332F400D59004 /* Assets.xcassets */,
				9B0673661D8332F400D59004 /* LaunchScreen.storyboard */,
				9B0673691D8332F400D59004 /* Info.plist */,
			);
			path = LoveLove;
			sourceTree = "<group>";
		};
		9B0673711D8332F400D59004 /* LoveLoveTests */ = {
			isa = PBXGroup;
			children = (
				9B0673721D8332F400D59004 /* LoveLoveTests.swift */,
				9B0673741D8332F400D59004 /* Info.plist */,
			);
			path = LoveLoveTests;
			sourceTree = "<group>";
		};
		9B06737C1D8332F400D59004 /* LoveLoveUITests */ = {
			isa = PBXGroup;
			children = (
				9B06737D1D8332F400D59004 /* LoveLoveUITests.swift */,
				9B06737F1D8332F400D59004 /* Info.plist */,
			);
			path = LoveLoveUITests;
			sourceTree = "<group>";
		};
/* End PBXGroup section */

/* Begin PBXNativeTarget section */
		9B0673591D8332F300D59004 /* LoveLove */ = {
			isa = PBXNativeTarget;
			buildConfigurationList = 9B0673821D8332F400D59004 /* Build configuration list for PBXNativeTarget "LoveLove" */;
			buildPhases = (
				9B0673561D8332F300D59004 /* Sources */,
				9B0673571D8332F300D59004 /* Frameworks */,
				9B0673581D8332F300D59004 /* Resources */,
			);
			buildRules = (
			);
			dependencies = (
			);
			name = LoveLove;
			productName = LoveLove;
			productReference = 9B06735A1D8332F300D59004 /* LoveLove.app */;
			productType = "com.apple.product-type.application";
		};
		9B06736D1D8332F400D59004 /* LoveLoveTests */ = {
			isa = PBXNativeTarget;
			buildConfigurationList = 9B0673851D8332F400D59004 /* Build configuration list for PBXNativeTarget "LoveLoveTests" */;
			buildPhases = (
				9B06736A1D8332F400D59004 /* Sources */,
				9B06736B1D8332F400D59004 /* Frameworks */,
				9B06736C1D8332F400D59004 /* Resources */,
			);
			buildRules = (
			);
			dependencies = (
				9B0673701D8332F400D59004 /* PBXTargetDependency */,
			);
			name = LoveLoveTests;
			productName = LoveLoveTests;
			productReference = 9B06736E1D8332F400D59004 /* LoveLoveTests.xctest */;
			productType = "com.apple.product-type.bundle.unit-test";
		};
		9B0673781D8332F400D59004 /* LoveLoveUITests */ = {
			isa = PBXNativeTarget;
			buildConfigurationList = 9B0673881D8332F400D59004 /* Build configuration list for PBXNativeTarget "LoveLoveUITests" */;
			buildPhases = (
				9B0673751D8332F400D59004 /* Sources */,
				9B0673761D8332F400D59004 /* Frameworks */,
				9B0673771D8332F400D59004 /* Resources */,
			);
			buildRules = (
			);
			dependencies = (
				9B06737B1D8332F400D59004 /* PBXTargetDependency */,
			);
			name = LoveLoveUITests;
			productName = LoveLoveUITests;
			productReference = 9B0673791D8332F400D59004 /* LoveLoveUITests.xctest */;
			productType = "com.apple.product-type.bundle.ui-testing";
		};
/* End PBXNativeTarget section */

/* Begin PBXProject section */
		9B0673521D8332F300D59004 /* Project object */ = {
			isa = PBXProject;
			attributes = {
				LastSwiftUpdateCheck = 0730;
				LastUpgradeCheck = 0730;
				ORGANIZATIONNAME = "Nanxi Peng";
				TargetAttributes = {
					9B0673591D8332F300D59004 = {
						CreatedOnToolsVersion = 7.3.1;
					};
					9B06736D1D8332F400D59004 = {
						CreatedOnToolsVersion = 7.3.1;
						TestTargetID = 9B0673591D8332F300D59004;
					};
					9B0673781D8332F400D59004 = {
						CreatedOnToolsVersion = 7.3.1;
						TestTargetID = 9B0673591D8332F300D59004;
					};
				};
			};
			buildConfigurationList = 9B0673551D8332F300D59004 /* Build configuration list for PBXProject "LoveLove" */;
			compatibilityVersion = "Xcode 3.2";
			developmentRegion = English;
			hasScannedForEncodings = 0;
			knownRegions = (
				en,
				Base,
			);
			mainGroup = 9B0673511D8332F300D59004;
			productRefGroup = 9B06735B1D8332F300D59004 /* Products */;
			projectDirPath = "";
			projectRoot = "";
			targets = (
				9B0673591D8332F300D59004 /* LoveLove */,
				9B06736D1D8332F400D59004 /* LoveLoveTests */,
				9B0673781D8332F400D59004 /* LoveLoveUITests */,
			);
		};
/* End PBXProject section */

/* Begin PBXResourcesBuildPhase section */
		9B0673581D8332F300D59004 /* Resources */ = {
			isa = PBXResourcesBuildPhase;
			buildActionMask = 2147483647;
			files = (
				9B0673681D8332F400D59004 /* LaunchScreen.storyboard in Resources */,
				9B0673651D8332F400D59004 /* Assets.xcassets in Resources */,
				9B0673631D8332F400D59004 /* Main.storyboard in Resources */,
			);
			runOnlyForDeploymentPostprocessing = 0;
		};
		9B06736C1D8332F400D59004 /* Resources */ = {
			isa = PBXResourcesBuildPhase;
			buildActionMask = 2147483647;
			files = (
			);
			runOnlyForDeploymentPostprocessing = 0;
		};
		9B0673771D8332F400D59004 /* Resources */ = {
			isa = PBXResourcesBuildPhase;
			buildActionMask = 2147483647;
			files = (
			);
			runOnlyForDeploymentPostprocessing = 0;
		};
/* End PBXResourcesBuildPhase section */

/* Begin PBXSourcesBuildPhase section */
		9B0673561D8332F300D59004 /* Sources */ = {
			isa = PBXSourcesBuildPhase;
			buildActionMask = 2147483647;
			files = (
				9B0673601D8332F400D59004 /* ViewController.swift in Sources */,
				9B06735E1D8332F400D59004 /* AppDelegate.swift in Sources */,
			);
			runOnlyForDeploymentPostprocessing = 0;
		};
		9B06736A1D8332F400D59004 /* Sources */ = {
			isa = PBXSourcesBuildPhase;
			buildActionMask = 2147483647;
			files = (
				9B0673731D8332F400D59004 /* LoveLoveTests.swift in Sources */,
			);
			runOnlyForDeploymentPostprocessing = 0;
		};
		9B0673751D8332F400D59004 /* Sources */ = {
			isa = PBXSourcesBuildPhase;
			buildActionMask = 2147483647;
			files = (
				9B06737E1D8332F400D59004 /* LoveLoveUITests.swift in Sources */,
			);
			runOnlyForDeploymentPostprocessing = 0;
		};
/* End PBXSourcesBuildPhase section */

/* Begin PBXTargetDependency section */
		9B0673701D8332F400D59004 /* PBXTargetDependency */ = {
			isa = PBXTargetDependency;
			target = 9B0673591D8332F300D59004 /* LoveLove */;
			targetProxy = 9B06736F1D8332F400D59004 /* PBXContainerItemProxy */;
		};
		9B06737B1D8332F400D59004 /* PBXTargetDependency */ = {
			isa = PBXTargetDependency;
			target = 9B0673591D8332F300D59004 /* LoveLove */;
			targetProxy = 9B06737A1D8332F400D59004 /* PBXContainerItemProxy */;
		};
/* End PBXTargetDependency section */

/* Begin PBXVariantGroup section */
		9B0673611D8332F400D59004 /* Main.storyboard */ = {
			isa = PBXVariantGroup;
			children = (
				9B0673621D8332F400D59004 /* Base */,
			);
			name = Main.storyboard;
			sourceTree = "<group>";
		};
		9B0673661D8332F400D59004 /* LaunchScreen.storyboard */ = {
			isa = PBXVariantGroup;
			children = (
				9B0673671D8332F400D59004 /* Base */,
			);
			name = LaunchScreen.storyboard;
			sourceTree = "<group>";
		};
/* End PBXVariantGroup section */

/* Begin XCBuildConfiguration section */
		9B0673801D8332F400D59004 /* Debug */ = {
			isa = XCBuildConfiguration;
			buildSettings = {
				ALWAYS_SEARCH_USER_PATHS = NO;
				CLANG_ANALYZER_NONNULL = YES;
				CLANG_CXX_LANGUAGE_STANDARD = "gnu++0x";
				CLANG_CXX_LIBRARY = "libc++";
				CLANG_ENABLE_MODULES = YES;
				CLANG_ENABLE_OBJC_ARC = YES;
				CLANG_WARN_BOOL_CONVERSION = YES;
				CLANG_WARN_CONSTANT_CONVERSION = YES;
				CLANG_WARN_DIRECT_OBJC_ISA_USAGE = YES_ERROR;
				CLANG_WARN_EMPTY_BODY = YES;
				CLANG_WARN_ENUM_CONVERSION = YES;
				CLANG_WARN_INT_CONVERSION = YES;
				CLANG_WARN_OBJC_ROOT_CLASS = YES_ERROR;
				CLANG_WARN_UNREACHABLE_CODE = YES;
				CLANG_WARN__DUPLICATE_METHOD_MATCH = YES;
				"CODE_SIGN_IDENTITY[sdk=iphoneos*]" = "iPhone Developer";
				COPY_PHASE_STRIP = NO;
				DEBUG_INFORMATION_FORMAT = dwarf;
				ENABLE_STRICT_OBJC_MSGSEND = YES;
				ENABLE_TESTABILITY = YES;
				GCC_C_LANGUAGE_STANDARD = gnu99;
				GCC_DYNAMIC_NO_PIC = NO;
				GCC_NO_COMMON_BLOCKS = YES;
				GCC_OPTIMIZATION_LEVEL = 0;
				GCC_PREPROCESSOR_DEFINITIONS = (
					"DEBUG=1",
					"$(inherited)",
				);
				GCC_WARN_64_TO_32_BIT_CONVERSION = YES;
				GCC_WARN_ABOUT_RETURN_TYPE = YES_ERROR;
				GCC_WARN_UNDECLARED_SELECTOR = YES;
				GCC_WARN_UNINITIALIZED_AUTOS = YES_AGGRESSIVE;
				GCC_WARN_UNUSED_FUNCTION = YES;
				GCC_WARN_UNUSED_VARIABLE = YES;
				IPHONEOS_DEPLOYMENT_TARGET = 9.3;
				MTL_ENABLE_DEBUG_INFO = YES;
				ONLY_ACTIVE_ARCH = YES;
				SDKROOT = iphoneos;
				SWIFT_OPTIMIZATION_LEVEL = "-Onone";
			};
			name = Debug;
		};
		9B0673811D8332F400D59004 /* Release */ = {
			isa = XCBuildConfiguration;
			buildSettings = {
				ALWAYS_SEARCH_USER_PATHS = NO;
				CLANG_ANALYZER_NONNULL = YES;
				CLANG_CXX_LANGUAGE_STANDARD = "gnu++0x";
				CLANG_CXX_LIBRARY = "libc++";
				CLANG_ENABLE_MODULES = YES;
				CLANG_ENABLE_OBJC_ARC = YES;
				CLANG_WARN_BOOL_CONVERSION = YES;
				CLANG_WARN_CONSTANT_CONVERSION = YES;
				CLANG_WARN_DIRECT_OBJC_ISA_USAGE = YES_ERROR;
				CLANG_WARN_EMPTY_BODY = YES;
				CLANG_WARN_ENUM_CONVERSION = YES;
				CLANG_WARN_INT_CONVERSION = YES;
				CLANG_WARN_OBJC_ROOT_CLASS = YES_ERROR;
				CLANG_WARN_UNREACHABLE_CODE = YES;
				CLANG_WARN__DUPLICATE_METHOD_MATCH = YES;
				"CODE_SIGN_IDENTITY[sdk=iphoneos*]" = "iPhone Developer";
				COPY_PHASE_STRIP = NO;
				DEBUG_INFORMATION_FORMAT = "dwarf-with-dsym";
				ENABLE_NS_ASSERTIONS = NO;
				ENABLE_STRICT_OBJC_MSGSEND = YES;
				GCC_C_LANGUAGE_STANDARD = gnu99;
				GCC_NO_COMMON_BLOCKS = YES;
				GCC_WARN_64_TO_32_BIT_CONVERSION = YES;
				GCC_WARN_ABOUT_RETURN_TYPE = YES_ERROR;
				GCC_WARN_UNDECLARED_SELECTOR = YES;
				GCC_WARN_UNINITIALIZED_AUTOS = YES_AGGRESSIVE;
				GCC_WARN_UNUSED_FUNCTION = YES;
				GCC_WARN_UNUSED_VARIABLE = YES;
				IPHONEOS_DEPLOYMENT_TARGET = 9.3;
				MTL_ENABLE_DEBUG_INFO = NO;
				SDKROOT = iphoneos;
				VALIDATE_PRODUCT = YES;
			};
			name = Release;
		};
		9B0673831D8332F400D59004 /* Debug */ = {
			isa = XCBuildConfiguration;
			buildSettings = {
				ASSETCATALOG_COMPILER_APPICON_NAME = AppIcon;
				INFOPLIST_FILE = LoveLove/Info.plist;
				LD_RUNPATH_SEARCH_PATHS = "$(inherited) @executable_path/Frameworks";
				PRODUCT_BUNDLE_IDENTIFIER = blablaoo.LoveLove;
				PRODUCT_NAME = "$(TARGET_NAME)";
			};
			name = Debug;
		};
		9B0673841D8332F400D59004 /* Release */ = {
			isa = XCBuildConfiguration;
			buildSettings = {
				ASSETCATALOG_COMPILER_APPICON_NAME = AppIcon;
				INFOPLIST_FILE = LoveLove/Info.plist;
				LD_RUNPATH_SEARCH_PATHS = "$(inherited) @executable_path/Frameworks";
				PRODUCT_BUNDLE_IDENTIFIER = blablaoo.LoveLove;
				PRODUCT_NAME = "$(TARGET_NAME)";
			};
			name = Release;
		};
		9B0673861D8332F400D59004 /* Debug */ = {
			isa = XCBuildConfiguration;
			buildSettings = {
				BUNDLE_LOADER = "$(TEST_HOST)";
				INFOPLIST_FILE = LoveLoveTests/Info.plist;
				LD_RUNPATH_SEARCH_PATHS = "$(inherited) @executable_path/Frameworks @loader_path/Frameworks";
				PRODUCT_BUNDLE_IDENTIFIER = blablaoo.LoveLoveTests;
				PRODUCT_NAME = "$(TARGET_NAME)";
				TEST_HOST = "$(BUILT_PRODUCTS_DIR)/LoveLove.app/LoveLove";
			};
			name = Debug;
		};
		9B0673871D8332F400D59004 /* Release */ = {
			isa = XCBuildConfiguration;
			buildSettings = {
				BUNDLE_LOADER = "$(TEST_HOST)";
				INFOPLIST_FILE = LoveLoveTests/Info.plist;
				LD_RUNPATH_SEARCH_PATHS = "$(inherited) @executable_path/Frameworks @loader_path/Frameworks";
				PRODUCT_BUNDLE_IDENTIFIER = blablaoo.LoveLoveTests;
				PRODUCT_NAME = "$(TARGET_NAME)";
				TEST_HOST = "$(BUILT_PRODUCTS_DIR)/LoveLove.app/LoveLove";
			};
			name = Release;
		};
		9B0673891D8332F400D59004 /* Debug */ = {
			isa = XCBuildConfiguration;
			buildSettings = {
				INFOPLIST_FILE = LoveLoveUITests/Info.plist;
				LD_RUNPATH_SEARCH_PATHS = "$(inherited) @executable_path/Frameworks @loader_path/Frameworks";
				PRODUCT_BUNDLE_IDENTIFIER = blablaoo.LoveLoveUITests;
				PRODUCT_NAME = "$(TARGET_NAME)";
				TEST_TARGET_NAME = LoveLove;
			};
			name = Debug;
		};
		9B06738A1D8332F400D59004 /* Release */ = {
			isa = XCBuildConfiguration;
			buildSettings = {
				INFOPLIST_FILE = LoveLoveUITests/Info.plist;
				LD_RUNPATH_SEARCH_PATHS = "$(inherited) @executable_path/Frameworks @loader_path/Frameworks";
				PRODUCT_BUNDLE_IDENTIFIER = blablaoo.LoveLoveUITests;
				PRODUCT_NAME = "$(TARGET_NAME)";
				TEST_TARGET_NAME = LoveLove;
			};
			name = Release;
		};
/* End XCBuildConfiguration section */

/* Begin XCConfigurationList section */
		9B0673551D8332F300D59004 /* Build configuration list for PBXProject "LoveLove" */ = {
			isa = XCConfigurationList;
			buildConfigurations = (
				9B0673801D8332F400D59004 /* Debug */,
				9B0673811D8332F400D59004 /* Release */,
			);
			defaultConfigurationIsVisible = 0;
			defaultConfigurationName = Release;
		};
		9B0673821D8332F400D59004 /* Build configuration list for PBXNativeTarget "LoveLove" */ = {
			isa = XCConfigurationList;
			buildConfigurations = (
				9B0673831D8332F400D59004 /* Debug */,
				9B0673841D8332F400D59004 /* Release */,
			);
			defaultConfigurationIsVisible = 0;
		};
		9B0673851D8332F400D59004 /* Build configuration list for PBXNativeTarget "LoveLoveTests" */ = {
			isa = XCConfigurationList;
			buildConfigurations = (
				9B0673861D8332F400D59004 /* Debug */,
				9B0673871D8332F400D59004 /* Release */,
			);
			defaultConfigurationIsVisible = 0;
		};
		9B0673881D8332F400D59004 /* Build configuration list for PBXNativeTarget "LoveLoveUITests" */ = {
			isa = XCConfigurationList;
			buildConfigurations = (
				9B0673891D8332F400D59004 /* Debug */,
				9B06738A1D8332F400D59004 /* Release */,
			);
			defaultConfigurationIsVisible = 0;
		};
/* End XCConfigurationList section */
	};
	rootObject = 9B0673521D8332F300D59004 /* Project object */;
}
